
Microsoft Visual Studio Solution File, Format Version 12.00
# Visual Studio Version 16
VisualStudioVersion = 16.0.28705.295
MinimumVisualStudioVersion = 10.0.40219.1
Project("{FAE04EC0-301F-11D3-BF4B-00C04F79EFBC}") = "ConsoleApp1 xml", "ConsoleApp1 xml.csproj", "{E0AC475A-BA39-4431-BE5E-632278A50175}"
EndProject
Global
	GlobalSection(SolutionConfigurationPlatforms) = preSolution
		Debug|Any CPU = Debug|Any CPU
		Release|Any CPU = Release|Any CPU
	EndGlobalSection
	GlobalSection(ProjectConfigurationPlatforms) = postSolution
		{E0AC475A-BA39-4431-BE5E-632278A50175}.Debug|Any CPU.ActiveCfg = Debug|Any CPU
		{E0AC475A-BA39-4431-BE5E-632278A50175}.Debug|Any CPU.Build.0 = Debug|Any CPU
		{E0AC475A-BA39-4431-BE5E-632278A50175}.Release|Any CPU.ActiveCfg = Release|Any CPU
		{E0AC475A-BA39-4431-BE5E-632278A50175}.Release|Any CPU.Build.0 = Release|Any CPU
	EndGlobalSection
	GlobalSection(SolutionProperties) = preSolution
		HideSolutionNode = FALSE
	EndGlobalSection
	GlobalSection(ExtensibilityGlobals) = postSolution
		SolutionGuid = {0671E88B-83D8-4ED2-9719-F26F7634F2C8}
	EndGlobalSection
EndGlobal
